{
  "name": "ramdom-string-msg.ejemplo",
  "version": "1.0.0",
  "lockfileVersion": 2,
  "requires": true,
  "packages": {
    "": {
      "name": "ramdom-string-msg.ejemplo",
      "version": "1.0.0",
      "license": "MIT",
      "bin": {
        "ramdom-string.msg.ejemplo": "./bin/global.js"
      }
    }
  }
}
